
Microsoft Visual Studio Solution File, Format Version 12.00
# Visual Studio 14
VisualStudioVersion = 14.0.23107.0
MinimumVisualStudioVersion = 10.0.40219.1
Project("{FAE04EC0-301F-11D3-BF4B-00C04F79EFBC}") = "MusicPlayer.iOS", "MusicPlayer.iOS\MusicPlayer.iOS.csproj", "{37D41839-0FB8-4F73-AB10-64E6310D7924}"
EndProject
Project("{D954291E-2A0B-460D-934E-DC6B0785DB48}") = "MusicPlayer.Shared", "MusicPlayer.Shared\MusicPlayer.Shared.shproj", "{7473494D-7872-4DC5-B0E7-0FED6668D234}"
EndProject
Project("{2150E333-8FDC-42A3-9474-1A3956D46DE8}") = "Libs", "Libs", "{50EA9352-CCF6-4A17-8395-416E061EAEDF}"
EndProject
Project("{FAE04EC0-301F-11D3-BF4B-00C04F79EFBC}") = "FlyoutNavigation", "..\FlyoutNavigation\FlyoutNavigation\FlyoutNavigation.csproj", "{BEC8904A-0E39-4117-9E4D-AAE6A6A50B4A}"
EndProject
Project("{FAE04EC0-301F-11D3-BF4B-00C04F79EFBC}") = "SimpleDatabase.iOS", "..\SimpleDatabase\SimpleDatabase\SimpleDatabase.iOS.csproj", "{E8B052D6-9C21-4B3F-9520-29D7B38513C5}"
EndProject
Project("{FAE04EC0-301F-11D3-BF4B-00C04F79EFBC}") = "MonoTouch.Dialog", "..\MonoTouch.Dialog\MonoTouch.Dialog\MonoTouch.Dialog.csproj", "{3FFBFFF8-5560-4EDE-82E5-3FFDFBBA8A50}"
EndProject
Project("{FAE04EC0-301F-11D3-BF4B-00C04F79EFBC}") = "SimpleTables.iOS", "..\SimpleTables\src\SimpleTables.iOS\SimpleTables.iOS.csproj", "{FFDAC76C-FB0C-4B30-B802-59112659A2D9}"
EndProject
Project("{D954291E-2A0B-460D-934E-DC6B0785DB48}") = "YoutubeExtractor", "..\YoutubeExtractor\YoutubeExtractor\YoutubeExtractor\YoutubeExtractor.shproj", "{B16EE623-442E-4D56-B6CC-3DC49FA49401}"
EndProject
Project("{D954291E-2A0B-460D-934E-DC6B0785DB48}") = "taglib-sharp", "..\taglib-sharp\src\taglib-sharp.shproj", "{D13232BD-43C6-4698-8698-A1C564FC0902}"
EndProject
Project("{2150E333-8FDC-42A3-9474-1A3956D46DE8}") = "Api", "Api", "{C2182D1F-D0A7-46F2-A56E-59F29F70AE28}"
EndProject
Project("{D954291E-2A0B-460D-934E-DC6B0785DB48}") = "Api", "Api\Api\Api.shproj", "{EF10558D-806B-49EF-934B-B7688403A484}"
EndProject
Project("{D954291E-2A0B-460D-934E-DC6B0785DB48}") = "gMusicApi", "Api\gMusicApi\gMusicApi.shproj", "{9B1A78B7-5C53-40CF-AD4C-923590B00FBE}"
EndProject
Project("{D954291E-2A0B-460D-934E-DC6B0785DB48}") = "AmazonApi", "Api\AmazonApi\AmazonApi.shproj", "{919FC2D7-B737-4790-8DBB-42EB415BE33B}"
EndProject
Project("{FAE04EC0-301F-11D3-BF4B-00C04F79EFBC}") = "Api.iOS", "Api\Api.iOS\Api.iOS.csproj", "{5914FC5F-C364-4E11-9248-27BA7C8C17D0}"
EndProject
Project("{D954291E-2A0B-460D-934E-DC6B0785DB48}") = "SimpleAuth", "..\SimpleAuth\src\SimpleAuth\SimpleAuth.shproj", "{9FDA9BD4-3D55-4132-9055-98986C50E0A4}"
EndProject
Project("{FAE04EC0-301F-11D3-BF4B-00C04F79EFBC}") = "SimpleAuth.iOS", "..\SimpleAuth\src\SimpleAuth.iOS\SimpleAuth.iOS.csproj", "{2C2264A6-2534-485E-8772-623D1ABEEFFF}"
EndProject
Project("{FAE04EC0-301F-11D3-BF4B-00C04F79EFBC}") = "SimpleAuth.OnePassword.iOS", "..\SimpleAuth\src\SimpleAuth.OnePassword.iOS\SimpleAuth.OnePassword.iOS.csproj", "{3978F9A7-1AD2-4550-A0FE-86793CA912CD}"
EndProject
Project("{D954291E-2A0B-460D-934E-DC6B0785DB48}") = "iPodApi", "Api\iPodApi\iPodApi.shproj", "{DC4DD769-0B5D-4EFE-8CD0-5D26C05E7002}"
EndProject
Project("{D954291E-2A0B-460D-934E-DC6B0785DB48}") = "YoutubeApi", "Api\YoutubeApi\YoutubeApi.shproj", "{87BF6B8A-9680-4589-8430-23FEAD83694F}"
EndProject
Project("{2150E333-8FDC-42A3-9474-1A3956D46DE8}") = "Test", "Test", "{8A34B7D2-AE67-4FBA-9C39-EA7361F0CD8E}"
EndProject
Project("{FAE04EC0-301F-11D3-BF4B-00C04F79EFBC}") = "TestCloud.iOS", "Test\TestCloud.iOS\TestCloud.iOS.csproj", "{892B2888-4C89-43B2-B12D-2372BE0F8A04}"
EndProject
Project("{D954291E-2A0B-460D-934E-DC6B0785DB48}") = "SoundCloud", "Api\SoundCloud\SoundCloud.shproj", "{64C9F055-D338-4576-AC40-7A1F7623E99B}"
EndProject
Project("{FAE04EC0-301F-11D3-BF4B-00C04F79EFBC}") = "Localizations", "Localizations\Localizations.csproj", "{630262F0-FA3F-4DFB-BD64-EFDB89474F49}"
EndProject
Project("{D954291E-2A0B-460D-934E-DC6B0785DB48}") = "OneDrive", "Api\OneDrive\OneDrive.shproj", "{D5D37FDD-DA2E-455C-B210-D1DC217AF590}"
EndProject
Project("{FAE04EC0-301F-11D3-BF4B-00C04F79EFBC}") = "SimpleAuth.Droid", "..\SimpleAuth\src\SimpleAuth.Droid\SimpleAuth.Droid.csproj", "{5B44ED27-DAD7-43FA-8A06-BA2469A1AF9E}"
EndProject
Project("{FAE04EC0-301F-11D3-BF4B-00C04F79EFBC}") = "SimpleTables.Droid", "..\SimpleTables\src\SimpleTables.Droid\SimpleTables.Droid.csproj", "{040CA4CF-74E9-419B-A534-EE761D24C8FA}"
EndProject
Project("{FAE04EC0-301F-11D3-BF4B-00C04F79EFBC}") = "SimpleDatabase.Droid", "..\SimpleDatabase\SimpleDatabase\SimpleDatabase.Droid.csproj", "{DAB83EFA-1D12-4F40-A6E9-1F1B5470FAA1}"
EndProject
Project("{FAE04EC0-301F-11D3-BF4B-00C04F79EFBC}") = "MusicPlayer.Droid", "MusicPlayer.Droid\MusicPlayer.Droid.csproj", "{BB963D3E-D9C9-43B4-A4FB-A57B6C847AA5}"
EndProject
Project("{D954291E-2A0B-460D-934E-DC6B0785DB48}") = "LastFM", "..\lastfm-sharp\lastfm-sharp\LastFM.shproj", "{91159A61-20CA-4D95-B704-571997F421BF}"
EndProject
Project("{D954291E-2A0B-460D-934E-DC6B0785DB48}") = "TunezClientCore", "..\tunez\Client\TunezClientCore\TunezClientCore.shproj", "{89F42C9B-5C25-46FC-917E-3BFF5287A6D7}"
EndProject
Project("{D954291E-2A0B-460D-934E-DC6B0785DB48}") = "TunezCore", "..\tunez\Shared\TunezCore\TunezCore.shproj", "{4FE48E0F-3789-4D5E-9726-FF07C44E78A3}"
EndProject
Global
	GlobalSection(SharedMSBuildProjectFiles) = preSolution
		Api\iPodApi\iPodApi.projitems*{dc4dd769-0b5d-4efe-8cd0-5d26c05e7002}*SharedItemsImports = 13
		Api\Api\Api.projitems*{5914fc5f-c364-4e11-9248-27ba7c8c17d0}*SharedItemsImports = 4
		Api\AmazonApi\AmazonApi.projitems*{bb963d3e-d9c9-43b4-a4fb-a57b6c847aa5}*SharedItemsImports = 4
		..\YoutubeExtractor\YoutubeExtractor\YoutubeExtractor\YoutubeExtractor.projitems*{bb963d3e-d9c9-43b4-a4fb-a57b6c847aa5}*SharedItemsImports = 4
		Api\gMusicApi\gMusicApi.projitems*{bb963d3e-d9c9-43b4-a4fb-a57b6c847aa5}*SharedItemsImports = 4
		Api\YoutubeApi\YoutubeApi.projitems*{bb963d3e-d9c9-43b4-a4fb-a57b6c847aa5}*SharedItemsImports = 4
		Api\SoundCloud\SoundCloud.projitems*{bb963d3e-d9c9-43b4-a4fb-a57b6c847aa5}*SharedItemsImports = 4
		lastfm-sharp\lastfm-sharp\LastFM.projitems*{bb963d3e-d9c9-43b4-a4fb-a57b6c847aa5}*SharedItemsImports = 4
		Api\OneDrive\OneDrive.projitems*{bb963d3e-d9c9-43b4-a4fb-a57b6c847aa5}*SharedItemsImports = 4
		MusicPlayer.Shared\MusicPlayer.Shared.projitems*{bb963d3e-d9c9-43b4-a4fb-a57b6c847aa5}*SharedItemsImports = 4
		..\taglib-sharp\src\taglib-sharp.projitems*{bb963d3e-d9c9-43b4-a4fb-a57b6c847aa5}*SharedItemsImports = 4
		Api\Api\Api.projitems*{bb963d3e-d9c9-43b4-a4fb-a57b6c847aa5}*SharedItemsImports = 4
		..\YoutubeExtractor\YoutubeExtractor\YoutubeExtractor\YoutubeExtractor.projitems*{b16ee623-442e-4d56-b6cc-3dc49fa49401}*SharedItemsImports = 13
		Api\SoundCloud\SoundCloud.projitems*{64c9f055-d338-4576-ac40-7a1f7623e99b}*SharedItemsImports = 13
		Api\Api\Api.projitems*{ef10558d-806b-49ef-934b-b7688403a484}*SharedItemsImports = 13
		Api\OneDrive\OneDrive.projitems*{d5d37fdd-da2e-455c-b210-d1dc217af590}*SharedItemsImports = 13
		lastfm-sharp\lastfm-sharp\LastFM.projitems*{91159a61-20ca-4d95-b704-571997f421bf}*SharedItemsImports = 13
		MusicPlayer.Shared\MusicPlayer.Shared.projitems*{7473494d-7872-4dc5-b0e7-0fed6668d234}*SharedItemsImports = 13
		Api\YoutubeApi\YoutubeApi.projitems*{87bf6b8a-9680-4589-8430-23fead83694f}*SharedItemsImports = 13
		..\taglib-sharp\src\taglib-sharp.projitems*{d13232bd-43c6-4698-8698-a1c564fc0902}*SharedItemsImports = 13
		..\SimpleAuth\src\SimpleAuth\SimpleAuth.projitems*{9fda9bd4-3d55-4132-9055-98986c50e0a4}*SharedItemsImports = 13
		..\SimpleAuth\src\SimpleAuth\SimpleAuth.projitems*{5b44ed27-dad7-43fa-8a06-ba2469a1af9e}*SharedItemsImports = 4
		Api\gMusicApi\gMusicApi.projitems*{9b1a78b7-5c53-40cf-ad4c-923590b00fbe}*SharedItemsImports = 13
		Api\AmazonApi\AmazonApi.projitems*{37d41839-0fb8-4f73-ab10-64e6310d7924}*SharedItemsImports = 4
		..\YoutubeExtractor\YoutubeExtractor\YoutubeExtractor\YoutubeExtractor.projitems*{37d41839-0fb8-4f73-ab10-64e6310d7924}*SharedItemsImports = 4
		Api\gMusicApi\gMusicApi.projitems*{37d41839-0fb8-4f73-ab10-64e6310d7924}*SharedItemsImports = 4
		Api\iPodApi\iPodApi.projitems*{37d41839-0fb8-4f73-ab10-64e6310d7924}*SharedItemsImports = 4
		Api\YoutubeApi\YoutubeApi.projitems*{37d41839-0fb8-4f73-ab10-64e6310d7924}*SharedItemsImports = 4
		Api\SoundCloud\SoundCloud.projitems*{37d41839-0fb8-4f73-ab10-64e6310d7924}*SharedItemsImports = 4
		lastfm-sharp\lastfm-sharp\LastFM.projitems*{37d41839-0fb8-4f73-ab10-64e6310d7924}*SharedItemsImports = 4
		Api\OneDrive\OneDrive.projitems*{37d41839-0fb8-4f73-ab10-64e6310d7924}*SharedItemsImports = 4
		MusicPlayer.Shared\MusicPlayer.Shared.projitems*{37d41839-0fb8-4f73-ab10-64e6310d7924}*SharedItemsImports = 4
		..\taglib-sharp\src\taglib-sharp.projitems*{37d41839-0fb8-4f73-ab10-64e6310d7924}*SharedItemsImports = 4
		Api\AmazonApi\AmazonApi.projitems*{919fc2d7-b737-4790-8dbb-42eb415be33b}*SharedItemsImports = 13
		..\SimpleAuth\src\SimpleAuth\SimpleAuth.projitems*{2c2264a6-2534-485e-8772-623d1abeefff}*SharedItemsImports = 4
	EndGlobalSection
	GlobalSection(SolutionConfigurationPlatforms) = preSolution
		Ad-Hoc|Any CPU = Ad-Hoc|Any CPU
		Ad-Hoc|iPhone = Ad-Hoc|iPhone
		Ad-Hoc|iPhoneSimulator = Ad-Hoc|iPhoneSimulator
		Ad-Hoc|Mixed Platforms = Ad-Hoc|Mixed Platforms
		AppStore|Any CPU = AppStore|Any CPU
		AppStore|iPhone = AppStore|iPhone
		AppStore|iPhoneSimulator = AppStore|iPhoneSimulator
		AppStore|Mixed Platforms = AppStore|Mixed Platforms
		Debug|Any CPU = Debug|Any CPU
		Debug|iPhone = Debug|iPhone
		Debug|iPhoneSimulator = Debug|iPhoneSimulator
		Debug|Mixed Platforms = Debug|Mixed Platforms
		Release|Any CPU = Release|Any CPU
		Release|iPhone = Release|iPhone
		Release|iPhoneSimulator = Release|iPhoneSimulator
		Release|Mixed Platforms = Release|Mixed Platforms
	EndGlobalSection
	GlobalSection(ProjectConfigurationPlatforms) = postSolution
		{37D41839-0FB8-4F73-AB10-64E6310D7924}.Ad-Hoc|Any CPU.ActiveCfg = Ad-Hoc|iPhone
		{37D41839-0FB8-4F73-AB10-64E6310D7924}.Ad-Hoc|Any CPU.Build.0 = Ad-Hoc|iPhone
		{37D41839-0FB8-4F73-AB10-64E6310D7924}.Ad-Hoc|iPhone.ActiveCfg = Ad-Hoc|iPhone
		{37D41839-0FB8-4F73-AB10-64E6310D7924}.Ad-Hoc|iPhone.Build.0 = Ad-Hoc|iPhone
		{37D41839-0FB8-4F73-AB10-64E6310D7924}.Ad-Hoc|iPhoneSimulator.ActiveCfg = Release|iPhoneSimulator
		{37D41839-0FB8-4F73-AB10-64E6310D7924}.Ad-Hoc|iPhoneSimulator.Build.0 = Release|iPhoneSimulator
		{37D41839-0FB8-4F73-AB10-64E6310D7924}.Ad-Hoc|Mixed Platforms.ActiveCfg = Ad-Hoc|iPhoneSimulator
		{37D41839-0FB8-4F73-AB10-64E6310D7924}.Ad-Hoc|Mixed Platforms.Build.0 = Ad-Hoc|iPhoneSimulator
		{37D41839-0FB8-4F73-AB10-64E6310D7924}.AppStore|Any CPU.ActiveCfg = AppStore|iPhoneSimulator
		{37D41839-0FB8-4F73-AB10-64E6310D7924}.AppStore|iPhone.ActiveCfg = AppStore|iPhone
		{37D41839-0FB8-4F73-AB10-64E6310D7924}.AppStore|iPhone.Build.0 = AppStore|iPhone
		{37D41839-0FB8-4F73-AB10-64E6310D7924}.AppStore|iPhoneSimulator.ActiveCfg = AppStore|iPhoneSimulator
		{37D41839-0FB8-4F73-AB10-64E6310D7924}.AppStore|iPhoneSimulator.Build.0 = AppStore|iPhoneSimulator
		{37D41839-0FB8-4F73-AB10-64E6310D7924}.AppStore|Mixed Platforms.ActiveCfg = AppStore|iPhoneSimulator
		{37D41839-0FB8-4F73-AB10-64E6310D7924}.AppStore|Mixed Platforms.Build.0 = AppStore|iPhoneSimulator
		{37D41839-0FB8-4F73-AB10-64E6310D7924}.Debug|Any CPU.ActiveCfg = Debug|iPhoneSimulator
		{37D41839-0FB8-4F73-AB10-64E6310D7924}.Debug|Any CPU.Build.0 = Debug|iPhoneSimulator
		{37D41839-0FB8-4F73-AB10-64E6310D7924}.Debug|Any CPU.Deploy.0 = Debug|iPhoneSimulator
		{37D41839-0FB8-4F73-AB10-64E6310D7924}.Debug|iPhone.ActiveCfg = Debug|iPhone
		{37D41839-0FB8-4F73-AB10-64E6310D7924}.Debug|iPhone.Build.0 = Debug|iPhone
		{37D41839-0FB8-4F73-AB10-64E6310D7924}.Debug|iPhoneSimulator.ActiveCfg = Debug|iPhoneSimulator
		{37D41839-0FB8-4F73-AB10-64E6310D7924}.Debug|iPhoneSimulator.Build.0 = Debug|iPhoneSimulator
		{37D41839-0FB8-4F73-AB10-64E6310D7924}.Debug|iPhoneSimulator.Deploy.0 = Debug|iPhoneSimulator
		{37D41839-0FB8-4F73-AB10-64E6310D7924}.Debug|Mixed Platforms.ActiveCfg = Debug|iPhoneSimulator
		{37D41839-0FB8-4F73-AB10-64E6310D7924}.Debug|Mixed Platforms.Build.0 = Debug|iPhoneSimulator
		{37D41839-0FB8-4F73-AB10-64E6310D7924}.Release|Any CPU.ActiveCfg = Release|iPhoneSimulator
		{37D41839-0FB8-4F73-AB10-64E6310D7924}.Release|iPhone.ActiveCfg = Release|iPhone
		{37D41839-0FB8-4F73-AB10-64E6310D7924}.Release|iPhone.Build.0 = Release|iPhone
		{37D41839-0FB8-4F73-AB10-64E6310D7924}.Release|iPhoneSimulator.ActiveCfg = Release|iPhoneSimulator
		{37D41839-0FB8-4F73-AB10-64E6310D7924}.Release|iPhoneSimulator.Build.0 = Release|iPhoneSimulator
		{37D41839-0FB8-4F73-AB10-64E6310D7924}.Release|Mixed Platforms.ActiveCfg = Release|iPhoneSimulator
		{37D41839-0FB8-4F73-AB10-64E6310D7924}.Release|Mixed Platforms.Build.0 = Release|iPhoneSimulator
		{BEC8904A-0E39-4117-9E4D-AAE6A6A50B4A}.Ad-Hoc|Any CPU.ActiveCfg = Release|Any CPU
		{BEC8904A-0E39-4117-9E4D-AAE6A6A50B4A}.Ad-Hoc|Any CPU.Build.0 = Release|Any CPU
		{BEC8904A-0E39-4117-9E4D-AAE6A6A50B4A}.Ad-Hoc|iPhone.ActiveCfg = Release|Any CPU
		{BEC8904A-0E39-4117-9E4D-AAE6A6A50B4A}.Ad-Hoc|iPhone.Build.0 = Release|Any CPU
		{BEC8904A-0E39-4117-9E4D-AAE6A6A50B4A}.Ad-Hoc|iPhoneSimulator.ActiveCfg = Release|Any CPU
		{BEC8904A-0E39-4117-9E4D-AAE6A6A50B4A}.Ad-Hoc|iPhoneSimulator.Build.0 = Release|Any CPU
		{BEC8904A-0E39-4117-9E4D-AAE6A6A50B4A}.Ad-Hoc|Mixed Platforms.ActiveCfg = Release|Any CPU
		{BEC8904A-0E39-4117-9E4D-AAE6A6A50B4A}.Ad-Hoc|Mixed Platforms.Build.0 = Release|Any CPU
		{BEC8904A-0E39-4117-9E4D-AAE6A6A50B4A}.AppStore|Any CPU.ActiveCfg = Release|Any CPU
		{BEC8904A-0E39-4117-9E4D-AAE6A6A50B4A}.AppStore|Any CPU.Build.0 = Release|Any CPU
		{BEC8904A-0E39-4117-9E4D-AAE6A6A50B4A}.AppStore|iPhone.ActiveCfg = Release|Any CPU
		{BEC8904A-0E39-4117-9E4D-AAE6A6A50B4A}.AppStore|iPhone.Build.0 = Release|Any CPU
		{BEC8904A-0E39-4117-9E4D-AAE6A6A50B4A}.AppStore|iPhoneSimulator.ActiveCfg = Release|Any CPU
		{BEC8904A-0E39-4117-9E4D-AAE6A6A50B4A}.AppStore|iPhoneSimulator.Build.0 = Release|Any CPU
		{BEC8904A-0E39-4117-9E4D-AAE6A6A50B4A}.AppStore|Mixed Platforms.ActiveCfg = Release|Any CPU
		{BEC8904A-0E39-4117-9E4D-AAE6A6A50B4A}.AppStore|Mixed Platforms.Build.0 = Release|Any CPU
		{BEC8904A-0E39-4117-9E4D-AAE6A6A50B4A}.Debug|Any CPU.ActiveCfg = Debug|Any CPU
		{BEC8904A-0E39-4117-9E4D-AAE6A6A50B4A}.Debug|Any CPU.Build.0 = Debug|Any CPU
		{BEC8904A-0E39-4117-9E4D-AAE6A6A50B4A}.Debug|iPhone.ActiveCfg = Debug|Any CPU
		{BEC8904A-0E39-4117-9E4D-AAE6A6A50B4A}.Debug|iPhone.Build.0 = Debug|Any CPU
		{BEC8904A-0E39-4117-9E4D-AAE6A6A50B4A}.Debug|iPhoneSimulator.ActiveCfg = Debug|Any CPU
		{BEC8904A-0E39-4117-9E4D-AAE6A6A50B4A}.Debug|iPhoneSimulator.Build.0 = Debug|Any CPU
		{BEC8904A-0E39-4117-9E4D-AAE6A6A50B4A}.Debug|Mixed Platforms.ActiveCfg = Debug|Any CPU
		{BEC8904A-0E39-4117-9E4D-AAE6A6A50B4A}.Debug|Mixed Platforms.Build.0 = Debug|Any CPU
		{BEC8904A-0E39-4117-9E4D-AAE6A6A50B4A}.Release|Any CPU.ActiveCfg = Release|Any CPU
		{BEC8904A-0E39-4117-9E4D-AAE6A6A50B4A}.Release|Any CPU.Build.0 = Release|Any CPU
		{BEC8904A-0E39-4117-9E4D-AAE6A6A50B4A}.Release|iPhone.ActiveCfg = Release|Any CPU
		{BEC8904A-0E39-4117-9E4D-AAE6A6A50B4A}.Release|iPhone.Build.0 = Release|Any CPU
		{BEC8904A-0E39-4117-9E4D-AAE6A6A50B4A}.Release|iPhoneSimulator.ActiveCfg = Release|Any CPU
		{BEC8904A-0E39-4117-9E4D-AAE6A6A50B4A}.Release|iPhoneSimulator.Build.0 = Release|Any CPU
		{BEC8904A-0E39-4117-9E4D-AAE6A6A50B4A}.Release|Mixed Platforms.ActiveCfg = Release|Any CPU
		{BEC8904A-0E39-4117-9E4D-AAE6A6A50B4A}.Release|Mixed Platforms.Build.0 = Release|Any CPU
		{E8B052D6-9C21-4B3F-9520-29D7B38513C5}.Ad-Hoc|Any CPU.ActiveCfg = Release|Any CPU
		{E8B052D6-9C21-4B3F-9520-29D7B38513C5}.Ad-Hoc|Any CPU.Build.0 = Release|Any CPU
		{E8B052D6-9C21-4B3F-9520-29D7B38513C5}.Ad-Hoc|iPhone.ActiveCfg = Release|Any CPU
		{E8B052D6-9C21-4B3F-9520-29D7B38513C5}.Ad-Hoc|iPhone.Build.0 = Release|Any CPU
		{E8B052D6-9C21-4B3F-9520-29D7B38513C5}.Ad-Hoc|iPhoneSimulator.ActiveCfg = Release|Any CPU
		{E8B052D6-9C21-4B3F-9520-29D7B38513C5}.Ad-Hoc|iPhoneSimulator.Build.0 = Release|Any CPU
		{E8B052D6-9C21-4B3F-9520-29D7B38513C5}.Ad-Hoc|Mixed Platforms.ActiveCfg = Release|Any CPU
		{E8B052D6-9C21-4B3F-9520-29D7B38513C5}.Ad-Hoc|Mixed Platforms.Build.0 = Release|Any CPU
		{E8B052D6-9C21-4B3F-9520-29D7B38513C5}.AppStore|Any CPU.ActiveCfg = Release|Any CPU
		{E8B052D6-9C21-4B3F-9520-29D7B38513C5}.AppStore|Any CPU.Build.0 = Release|Any CPU
		{E8B052D6-9C21-4B3F-9520-29D7B38513C5}.AppStore|iPhone.ActiveCfg = Release|Any CPU
		{E8B052D6-9C21-4B3F-9520-29D7B38513C5}.AppStore|iPhone.Build.0 = Release|Any CPU
		{E8B052D6-9C21-4B3F-9520-29D7B38513C5}.AppStore|iPhoneSimulator.ActiveCfg = Release|Any CPU
		{E8B052D6-9C21-4B3F-9520-29D7B38513C5}.AppStore|iPhoneSimulator.Build.0 = Release|Any CPU
		{E8B052D6-9C21-4B3F-9520-29D7B38513C5}.AppStore|Mixed Platforms.ActiveCfg = Release|Any CPU
		{E8B052D6-9C21-4B3F-9520-29D7B38513C5}.AppStore|Mixed Platforms.Build.0 = Release|Any CPU
		{E8B052D6-9C21-4B3F-9520-29D7B38513C5}.Debug|Any CPU.ActiveCfg = Debug|Any CPU
		{E8B052D6-9C21-4B3F-9520-29D7B38513C5}.Debug|Any CPU.Build.0 = Debug|Any CPU
		{E8B052D6-9C21-4B3F-9520-29D7B38513C5}.Debug|Any CPU.Deploy.0 = Debug|Any CPU
		{E8B052D6-9C21-4B3F-9520-29D7B38513C5}.Debug|iPhone.ActiveCfg = Debug|Any CPU
		{E8B052D6-9C21-4B3F-9520-29D7B38513C5}.Debug|iPhone.Build.0 = Debug|Any CPU
		{E8B052D6-9C21-4B3F-9520-29D7B38513C5}.Debug|iPhoneSimulator.ActiveCfg = Debug|Any CPU
		{E8B052D6-9C21-4B3F-9520-29D7B38513C5}.Debug|iPhoneSimulator.Build.0 = Debug|Any CPU
		{E8B052D6-9C21-4B3F-9520-29D7B38513C5}.Debug|Mixed Platforms.ActiveCfg = Debug|Any CPU
		{E8B052D6-9C21-4B3F-9520-29D7B38513C5}.Debug|Mixed Platforms.Build.0 = Debug|Any CPU
		{E8B052D6-9C21-4B3F-9520-29D7B38513C5}.Release|Any CPU.ActiveCfg = Release|Any CPU
		{E8B052D6-9C21-4B3F-9520-29D7B38513C5}.Release|Any CPU.Build.0 = Release|Any CPU
		{E8B052D6-9C21-4B3F-9520-29D7B38513C5}.Release|iPhone.ActiveCfg = Release|Any CPU
		{E8B052D6-9C21-4B3F-9520-29D7B38513C5}.Release|iPhone.Build.0 = Release|Any CPU
		{E8B052D6-9C21-4B3F-9520-29D7B38513C5}.Release|iPhoneSimulator.ActiveCfg = Release|Any CPU
		{E8B052D6-9C21-4B3F-9520-29D7B38513C5}.Release|iPhoneSimulator.Build.0 = Release|Any CPU
		{E8B052D6-9C21-4B3F-9520-29D7B38513C5}.Release|Mixed Platforms.ActiveCfg = Release|Any CPU
		{E8B052D6-9C21-4B3F-9520-29D7B38513C5}.Release|Mixed Platforms.Build.0 = Release|Any CPU
		{3FFBFFF8-5560-4EDE-82E5-3FFDFBBA8A50}.Ad-Hoc|Any CPU.ActiveCfg = Release|iPhone
		{3FFBFFF8-5560-4EDE-82E5-3FFDFBBA8A50}.Ad-Hoc|Any CPU.Build.0 = Release|iPhone
		{3FFBFFF8-5560-4EDE-82E5-3FFDFBBA8A50}.Ad-Hoc|iPhone.ActiveCfg = Release|iPhone
		{3FFBFFF8-5560-4EDE-82E5-3FFDFBBA8A50}.Ad-Hoc|iPhone.Build.0 = Release|iPhone
		{3FFBFFF8-5560-4EDE-82E5-3FFDFBBA8A50}.Ad-Hoc|iPhoneSimulator.ActiveCfg = Release|iPhoneSimulator
		{3FFBFFF8-5560-4EDE-82E5-3FFDFBBA8A50}.Ad-Hoc|iPhoneSimulator.Build.0 = Release|iPhoneSimulator
		{3FFBFFF8-5560-4EDE-82E5-3FFDFBBA8A50}.Ad-Hoc|Mixed Platforms.ActiveCfg = Release|iPhone
		{3FFBFFF8-5560-4EDE-82E5-3FFDFBBA8A50}.Ad-Hoc|Mixed Platforms.Build.0 = Release|iPhone
		{3FFBFFF8-5560-4EDE-82E5-3FFDFBBA8A50}.AppStore|Any CPU.ActiveCfg = Release|iPhone
		{3FFBFFF8-5560-4EDE-82E5-3FFDFBBA8A50}.AppStore|iPhone.ActiveCfg = Release|iPhone
		{3FFBFFF8-5560-4EDE-82E5-3FFDFBBA8A50}.AppStore|iPhone.Build.0 = Release|iPhone
		{3FFBFFF8-5560-4EDE-82E5-3FFDFBBA8A50}.AppStore|iPhoneSimulator.ActiveCfg = Release|iPhoneSimulator
		{3FFBFFF8-5560-4EDE-82E5-3FFDFBBA8A50}.AppStore|iPhoneSimulator.Build.0 = Release|iPhoneSimulator
		{3FFBFFF8-5560-4EDE-82E5-3FFDFBBA8A50}.AppStore|Mixed Platforms.ActiveCfg = Release|iPhone
		{3FFBFFF8-5560-4EDE-82E5-3FFDFBBA8A50}.AppStore|Mixed Platforms.Build.0 = Release|iPhone
		{3FFBFFF8-5560-4EDE-82E5-3FFDFBBA8A50}.Debug|Any CPU.ActiveCfg = Debug|iPhone
		{3FFBFFF8-5560-4EDE-82E5-3FFDFBBA8A50}.Debug|Any CPU.Build.0 = Debug|iPhone
		{3FFBFFF8-5560-4EDE-82E5-3FFDFBBA8A50}.Debug|iPhone.ActiveCfg = Debug|iPhone
		{3FFBFFF8-5560-4EDE-82E5-3FFDFBBA8A50}.Debug|iPhone.Build.0 = Debug|iPhone
		{3FFBFFF8-5560-4EDE-82E5-3FFDFBBA8A50}.Debug|iPhoneSimulator.ActiveCfg = Debug|iPhoneSimulator
		{3FFBFFF8-5560-4EDE-82E5-3FFDFBBA8A50}.Debug|iPhoneSimulator.Build.0 = Debug|iPhoneSimulator
		{3FFBFFF8-5560-4EDE-82E5-3FFDFBBA8A50}.Debug|Mixed Platforms.ActiveCfg = Debug|iPhoneSimulator
		{3FFBFFF8-5560-4EDE-82E5-3FFDFBBA8A50}.Debug|Mixed Platforms.Build.0 = Debug|iPhoneSimulator
		{3FFBFFF8-5560-4EDE-82E5-3FFDFBBA8A50}.Release|Any CPU.ActiveCfg = Release|iPhone
		{3FFBFFF8-5560-4EDE-82E5-3FFDFBBA8A50}.Release|iPhone.ActiveCfg = Release|iPhone
		{3FFBFFF8-5560-4EDE-82E5-3FFDFBBA8A50}.Release|iPhone.Build.0 = Release|iPhone
		{3FFBFFF8-5560-4EDE-82E5-3FFDFBBA8A50}.Release|iPhoneSimulator.ActiveCfg = Release|iPhoneSimulator
		{3FFBFFF8-5560-4EDE-82E5-3FFDFBBA8A50}.Release|iPhoneSimulator.Build.0 = Release|iPhoneSimulator
		{3FFBFFF8-5560-4EDE-82E5-3FFDFBBA8A50}.Release|Mixed Platforms.ActiveCfg = Release|iPhone
		{3FFBFFF8-5560-4EDE-82E5-3FFDFBBA8A50}.Release|Mixed Platforms.Build.0 = Release|iPhone
		{FFDAC76C-FB0C-4B30-B802-59112659A2D9}.Ad-Hoc|Any CPU.ActiveCfg = Release|Any CPU
		{FFDAC76C-FB0C-4B30-B802-59112659A2D9}.Ad-Hoc|Any CPU.Build.0 = Release|Any CPU
		{FFDAC76C-FB0C-4B30-B802-59112659A2D9}.Ad-Hoc|iPhone.ActiveCfg = Release|Any CPU
		{FFDAC76C-FB0C-4B30-B802-59112659A2D9}.Ad-Hoc|iPhone.Build.0 = Release|Any CPU
		{FFDAC76C-FB0C-4B30-B802-59112659A2D9}.Ad-Hoc|iPhoneSimulator.ActiveCfg = Release|Any CPU
		{FFDAC76C-FB0C-4B30-B802-59112659A2D9}.Ad-Hoc|iPhoneSimulator.Build.0 = Release|Any CPU
		{FFDAC76C-FB0C-4B30-B802-59112659A2D9}.Ad-Hoc|Mixed Platforms.ActiveCfg = Release|Any CPU
		{FFDAC76C-FB0C-4B30-B802-59112659A2D9}.Ad-Hoc|Mixed Platforms.Build.0 = Release|Any CPU
		{FFDAC76C-FB0C-4B30-B802-59112659A2D9}.AppStore|Any CPU.ActiveCfg = Release|Any CPU
		{FFDAC76C-FB0C-4B30-B802-59112659A2D9}.AppStore|Any CPU.Build.0 = Release|Any CPU
		{FFDAC76C-FB0C-4B30-B802-59112659A2D9}.AppStore|iPhone.ActiveCfg = Release|Any CPU
		{FFDAC76C-FB0C-4B30-B802-59112659A2D9}.AppStore|iPhone.Build.0 = Release|Any CPU
		{FFDAC76C-FB0C-4B30-B802-59112659A2D9}.AppStore|iPhoneSimulator.ActiveCfg = Release|Any CPU
		{FFDAC76C-FB0C-4B30-B802-59112659A2D9}.AppStore|iPhoneSimulator.Build.0 = Release|Any CPU
		{FFDAC76C-FB0C-4B30-B802-59112659A2D9}.AppStore|Mixed Platforms.ActiveCfg = Release|Any CPU
		{FFDAC76C-FB0C-4B30-B802-59112659A2D9}.AppStore|Mixed Platforms.Build.0 = Release|Any CPU
		{FFDAC76C-FB0C-4B30-B802-59112659A2D9}.Debug|Any CPU.ActiveCfg = Debug|Any CPU
		{FFDAC76C-FB0C-4B30-B802-59112659A2D9}.Debug|Any CPU.Build.0 = Debug|Any CPU
		{FFDAC76C-FB0C-4B30-B802-59112659A2D9}.Debug|Any CPU.Deploy.0 = Debug|Any CPU
		{FFDAC76C-FB0C-4B30-B802-59112659A2D9}.Debug|iPhone.ActiveCfg = Debug|Any CPU
		{FFDAC76C-FB0C-4B30-B802-59112659A2D9}.Debug|iPhone.Build.0 = Debug|Any CPU
		{FFDAC76C-FB0C-4B30-B802-59112659A2D9}.Debug|iPhoneSimulator.ActiveCfg = Debug|Any CPU
		{FFDAC76C-FB0C-4B30-B802-59112659A2D9}.Debug|iPhoneSimulator.Build.0 = Debug|Any CPU
		{FFDAC76C-FB0C-4B30-B802-59112659A2D9}.Debug|Mixed Platforms.ActiveCfg = Debug|Any CPU
		{FFDAC76C-FB0C-4B30-B802-59112659A2D9}.Debug|Mixed Platforms.Build.0 = Debug|Any CPU
		{FFDAC76C-FB0C-4B30-B802-59112659A2D9}.Release|Any CPU.ActiveCfg = Release|Any CPU
		{FFDAC76C-FB0C-4B30-B802-59112659A2D9}.Release|Any CPU.Build.0 = Release|Any CPU
		{FFDAC76C-FB0C-4B30-B802-59112659A2D9}.Release|iPhone.ActiveCfg = Release|Any CPU
		{FFDAC76C-FB0C-4B30-B802-59112659A2D9}.Release|iPhone.Build.0 = Release|Any CPU
		{FFDAC76C-FB0C-4B30-B802-59112659A2D9}.Release|iPhoneSimulator.ActiveCfg = Release|Any CPU
		{FFDAC76C-FB0C-4B30-B802-59112659A2D9}.Release|iPhoneSimulator.Build.0 = Release|Any CPU
		{FFDAC76C-FB0C-4B30-B802-59112659A2D9}.Release|Mixed Platforms.ActiveCfg = Release|Any CPU
		{FFDAC76C-FB0C-4B30-B802-59112659A2D9}.Release|Mixed Platforms.Build.0 = Release|Any CPU
		{5914FC5F-C364-4E11-9248-27BA7C8C17D0}.Ad-Hoc|Any CPU.ActiveCfg = Release|Any CPU
		{5914FC5F-C364-4E11-9248-27BA7C8C17D0}.Ad-Hoc|Any CPU.Build.0 = Release|Any CPU
		{5914FC5F-C364-4E11-9248-27BA7C8C17D0}.Ad-Hoc|iPhone.ActiveCfg = Release|Any CPU
		{5914FC5F-C364-4E11-9248-27BA7C8C17D0}.Ad-Hoc|iPhone.Build.0 = Release|Any CPU
		{5914FC5F-C364-4E11-9248-27BA7C8C17D0}.Ad-Hoc|iPhoneSimulator.ActiveCfg = Release|Any CPU
		{5914FC5F-C364-4E11-9248-27BA7C8C17D0}.Ad-Hoc|iPhoneSimulator.Build.0 = Release|Any CPU
		{5914FC5F-C364-4E11-9248-27BA7C8C17D0}.Ad-Hoc|Mixed Platforms.ActiveCfg = Release|Any CPU
		{5914FC5F-C364-4E11-9248-27BA7C8C17D0}.Ad-Hoc|Mixed Platforms.Build.0 = Release|Any CPU
		{5914FC5F-C364-4E11-9248-27BA7C8C17D0}.AppStore|Any CPU.ActiveCfg = Release|Any CPU
		{5914FC5F-C364-4E11-9248-27BA7C8C17D0}.AppStore|Any CPU.Build.0 = Release|Any CPU
		{5914FC5F-C364-4E11-9248-27BA7C8C17D0}.AppStore|iPhone.ActiveCfg = Release|Any CPU
		{5914FC5F-C364-4E11-9248-27BA7C8C17D0}.AppStore|iPhone.Build.0 = Release|Any CPU
		{5914FC5F-C364-4E11-9248-27BA7C8C17D0}.AppStore|iPhoneSimulator.ActiveCfg = Release|Any CPU
		{5914FC5F-C364-4E11-9248-27BA7C8C17D0}.AppStore|iPhoneSimulator.Build.0 = Release|Any CPU
		{5914FC5F-C364-4E11-9248-27BA7C8C17D0}.AppStore|Mixed Platforms.ActiveCfg = Release|Any CPU
		{5914FC5F-C364-4E11-9248-27BA7C8C17D0}.AppStore|Mixed Platforms.Build.0 = Release|Any CPU
		{5914FC5F-C364-4E11-9248-27BA7C8C17D0}.Debug|Any CPU.ActiveCfg = Debug|Any CPU
		{5914FC5F-C364-4E11-9248-27BA7C8C17D0}.Debug|Any CPU.Build.0 = Debug|Any CPU
		{5914FC5F-C364-4E11-9248-27BA7C8C17D0}.Debug|iPhone.ActiveCfg = Debug|Any CPU
		{5914FC5F-C364-4E11-9248-27BA7C8C17D0}.Debug|iPhone.Build.0 = Debug|Any CPU
		{5914FC5F-C364-4E11-9248-27BA7C8C17D0}.Debug|iPhoneSimulator.ActiveCfg = Debug|Any CPU
		{5914FC5F-C364-4E11-9248-27BA7C8C17D0}.Debug|iPhoneSimulator.Build.0 = Debug|Any CPU
		{5914FC5F-C364-4E11-9248-27BA7C8C17D0}.Debug|Mixed Platforms.ActiveCfg = Debug|Any CPU
		{5914FC5F-C364-4E11-9248-27BA7C8C17D0}.Debug|Mixed Platforms.Build.0 = Debug|Any CPU
		{5914FC5F-C364-4E11-9248-27BA7C8C17D0}.Release|Any CPU.ActiveCfg = Release|Any CPU
		{5914FC5F-C364-4E11-9248-27BA7C8C17D0}.Release|Any CPU.Build.0 = Release|Any CPU
		{5914FC5F-C364-4E11-9248-27BA7C8C17D0}.Release|iPhone.ActiveCfg = Release|Any CPU
		{5914FC5F-C364-4E11-9248-27BA7C8C17D0}.Release|iPhone.Build.0 = Release|Any CPU
		{5914FC5F-C364-4E11-9248-27BA7C8C17D0}.Release|iPhoneSimulator.ActiveCfg = Release|Any CPU
		{5914FC5F-C364-4E11-9248-27BA7C8C17D0}.Release|iPhoneSimulator.Build.0 = Release|Any CPU
		{5914FC5F-C364-4E11-9248-27BA7C8C17D0}.Release|Mixed Platforms.ActiveCfg = Release|Any CPU
		{5914FC5F-C364-4E11-9248-27BA7C8C17D0}.Release|Mixed Platforms.Build.0 = Release|Any CPU
		{2C2264A6-2534-485E-8772-623D1ABEEFFF}.Ad-Hoc|Any CPU.ActiveCfg = Release|Any CPU
		{2C2264A6-2534-485E-8772-623D1ABEEFFF}.Ad-Hoc|Any CPU.Build.0 = Release|Any CPU
		{2C2264A6-2534-485E-8772-623D1ABEEFFF}.Ad-Hoc|iPhone.ActiveCfg = Release|Any CPU
		{2C2264A6-2534-485E-8772-623D1ABEEFFF}.Ad-Hoc|iPhone.Build.0 = Release|Any CPU
		{2C2264A6-2534-485E-8772-623D1ABEEFFF}.Ad-Hoc|iPhoneSimulator.ActiveCfg = Release|Any CPU
		{2C2264A6-2534-485E-8772-623D1ABEEFFF}.Ad-Hoc|iPhoneSimulator.Build.0 = Release|Any CPU
		{2C2264A6-2534-485E-8772-623D1ABEEFFF}.Ad-Hoc|Mixed Platforms.ActiveCfg = Release|Any CPU
		{2C2264A6-2534-485E-8772-623D1ABEEFFF}.Ad-Hoc|Mixed Platforms.Build.0 = Release|Any CPU
		{2C2264A6-2534-485E-8772-623D1ABEEFFF}.AppStore|Any CPU.ActiveCfg = Release|Any CPU
		{2C2264A6-2534-485E-8772-623D1ABEEFFF}.AppStore|Any CPU.Build.0 = Release|Any CPU
		{2C2264A6-2534-485E-8772-623D1ABEEFFF}.AppStore|iPhone.ActiveCfg = Release|Any CPU
		{2C2264A6-2534-485E-8772-623D1ABEEFFF}.AppStore|iPhone.Build.0 = Release|Any CPU
		{2C2264A6-2534-485E-8772-623D1ABEEFFF}.AppStore|iPhoneSimulator.ActiveCfg = Release|Any CPU
		{2C2264A6-2534-485E-8772-623D1ABEEFFF}.AppStore|iPhoneSimulator.Build.0 = Release|Any CPU
		{2C2264A6-2534-485E-8772-623D1ABEEFFF}.AppStore|Mixed Platforms.ActiveCfg = Release|Any CPU
		{2C2264A6-2534-485E-8772-623D1ABEEFFF}.AppStore|Mixed Platforms.Build.0 = Release|Any CPU
		{2C2264A6-2534-485E-8772-623D1ABEEFFF}.Debug|Any CPU.ActiveCfg = Debug|Any CPU
		{2C2264A6-2534-485E-8772-623D1ABEEFFF}.Debug|Any CPU.Build.0 = Debug|Any CPU
		{2C2264A6-2534-485E-8772-623D1ABEEFFF}.Debug|iPhone.ActiveCfg = Debug|Any CPU
		{2C2264A6-2534-485E-8772-623D1ABEEFFF}.Debug|iPhone.Build.0 = Debug|Any CPU
		{2C2264A6-2534-485E-8772-623D1ABEEFFF}.Debug|iPhoneSimulator.ActiveCfg = Debug|Any CPU
		{2C2264A6-2534-485E-8772-623D1ABEEFFF}.Debug|iPhoneSimulator.Build.0 = Debug|Any CPU
		{2C2264A6-2534-485E-8772-623D1ABEEFFF}.Debug|Mixed Platforms.ActiveCfg = Debug|Any CPU
		{2C2264A6-2534-485E-8772-623D1ABEEFFF}.Debug|Mixed Platforms.Build.0 = Debug|Any CPU
		{2C2264A6-2534-485E-8772-623D1ABEEFFF}.Release|Any CPU.ActiveCfg = Release|Any CPU
		{2C2264A6-2534-485E-8772-623D1ABEEFFF}.Release|Any CPU.Build.0 = Release|Any CPU
		{2C2264A6-2534-485E-8772-623D1ABEEFFF}.Release|iPhone.ActiveCfg = Release|Any CPU
		{2C2264A6-2534-485E-8772-623D1ABEEFFF}.Release|iPhone.Build.0 = Release|Any CPU
		{2C2264A6-2534-485E-8772-623D1ABEEFFF}.Release|iPhoneSimulator.ActiveCfg = Release|Any CPU
		{2C2264A6-2534-485E-8772-623D1ABEEFFF}.Release|iPhoneSimulator.Build.0 = Release|Any CPU
		{2C2264A6-2534-485E-8772-623D1ABEEFFF}.Release|Mixed Platforms.ActiveCfg = Release|Any CPU
		{2C2264A6-2534-485E-8772-623D1ABEEFFF}.Release|Mixed Platforms.Build.0 = Release|Any CPU
		{3978F9A7-1AD2-4550-A0FE-86793CA912CD}.Ad-Hoc|Any CPU.ActiveCfg = Release|Any CPU
		{3978F9A7-1AD2-4550-A0FE-86793CA912CD}.Ad-Hoc|Any CPU.Build.0 = Release|Any CPU
		{3978F9A7-1AD2-4550-A0FE-86793CA912CD}.Ad-Hoc|iPhone.ActiveCfg = Release|Any CPU
		{3978F9A7-1AD2-4550-A0FE-86793CA912CD}.Ad-Hoc|iPhone.Build.0 = Release|Any CPU
		{3978F9A7-1AD2-4550-A0FE-86793CA912CD}.Ad-Hoc|iPhoneSimulator.ActiveCfg = Release|Any CPU
		{3978F9A7-1AD2-4550-A0FE-86793CA912CD}.Ad-Hoc|iPhoneSimulator.Build.0 = Release|Any CPU
		{3978F9A7-1AD2-4550-A0FE-86793CA912CD}.Ad-Hoc|Mixed Platforms.ActiveCfg = Release|Any CPU
		{3978F9A7-1AD2-4550-A0FE-86793CA912CD}.Ad-Hoc|Mixed Platforms.Build.0 = Release|Any CPU
		{3978F9A7-1AD2-4550-A0FE-86793CA912CD}.AppStore|Any CPU.ActiveCfg = Release|Any CPU
		{3978F9A7-1AD2-4550-A0FE-86793CA912CD}.AppStore|Any CPU.Build.0 = Release|Any CPU
		{3978F9A7-1AD2-4550-A0FE-86793CA912CD}.AppStore|iPhone.ActiveCfg = Release|Any CPU
		{3978F9A7-1AD2-4550-A0FE-86793CA912CD}.AppStore|iPhone.Build.0 = Release|Any CPU
		{3978F9A7-1AD2-4550-A0FE-86793CA912CD}.AppStore|iPhoneSimulator.ActiveCfg = Release|Any CPU
		{3978F9A7-1AD2-4550-A0FE-86793CA912CD}.AppStore|iPhoneSimulator.Build.0 = Release|Any CPU
		{3978F9A7-1AD2-4550-A0FE-86793CA912CD}.AppStore|Mixed Platforms.ActiveCfg = Release|Any CPU
		{3978F9A7-1AD2-4550-A0FE-86793CA912CD}.AppStore|Mixed Platforms.Build.0 = Release|Any CPU
		{3978F9A7-1AD2-4550-A0FE-86793CA912CD}.Debug|Any CPU.ActiveCfg = Debug|Any CPU
		{3978F9A7-1AD2-4550-A0FE-86793CA912CD}.Debug|Any CPU.Build.0 = Debug|Any CPU
		{3978F9A7-1AD2-4550-A0FE-86793CA912CD}.Debug|iPhone.ActiveCfg = Debug|Any CPU
		{3978F9A7-1AD2-4550-A0FE-86793CA912CD}.Debug|iPhone.Build.0 = Debug|Any CPU
		{3978F9A7-1AD2-4550-A0FE-86793CA912CD}.Debug|iPhoneSimulator.ActiveCfg = Debug|Any CPU
		{3978F9A7-1AD2-4550-A0FE-86793CA912CD}.Debug|iPhoneSimulator.Build.0 = Debug|Any CPU
		{3978F9A7-1AD2-4550-A0FE-86793CA912CD}.Debug|Mixed Platforms.ActiveCfg = Debug|Any CPU
		{3978F9A7-1AD2-4550-A0FE-86793CA912CD}.Debug|Mixed Platforms.Build.0 = Debug|Any CPU
		{3978F9A7-1AD2-4550-A0FE-86793CA912CD}.Release|Any CPU.ActiveCfg = Release|Any CPU
		{3978F9A7-1AD2-4550-A0FE-86793CA912CD}.Release|Any CPU.Build.0 = Release|Any CPU
		{3978F9A7-1AD2-4550-A0FE-86793CA912CD}.Release|iPhone.ActiveCfg = Release|Any CPU
		{3978F9A7-1AD2-4550-A0FE-86793CA912CD}.Release|iPhone.Build.0 = Release|Any CPU
		{3978F9A7-1AD2-4550-A0FE-86793CA912CD}.Release|iPhoneSimulator.ActiveCfg = Release|Any CPU
		{3978F9A7-1AD2-4550-A0FE-86793CA912CD}.Release|iPhoneSimulator.Build.0 = Release|Any CPU
		{3978F9A7-1AD2-4550-A0FE-86793CA912CD}.Release|Mixed Platforms.ActiveCfg = Release|Any CPU
		{3978F9A7-1AD2-4550-A0FE-86793CA912CD}.Release|Mixed Platforms.Build.0 = Release|Any CPU
		{892B2888-4C89-43B2-B12D-2372BE0F8A04}.Ad-Hoc|Any CPU.ActiveCfg = Debug|Any CPU
		{892B2888-4C89-43B2-B12D-2372BE0F8A04}.Ad-Hoc|Any CPU.Build.0 = Debug|Any CPU
		{892B2888-4C89-43B2-B12D-2372BE0F8A04}.Ad-Hoc|iPhone.ActiveCfg = Release|Any CPU
		{892B2888-4C89-43B2-B12D-2372BE0F8A04}.Ad-Hoc|iPhone.Build.0 = Release|Any CPU
		{892B2888-4C89-43B2-B12D-2372BE0F8A04}.Ad-Hoc|iPhoneSimulator.ActiveCfg = Debug|Any CPU
		{892B2888-4C89-43B2-B12D-2372BE0F8A04}.Ad-Hoc|iPhoneSimulator.Build.0 = Debug|Any CPU
		{892B2888-4C89-43B2-B12D-2372BE0F8A04}.Ad-Hoc|Mixed Platforms.ActiveCfg = Debug|Any CPU
		{892B2888-4C89-43B2-B12D-2372BE0F8A04}.Ad-Hoc|Mixed Platforms.Build.0 = Debug|Any CPU
		{892B2888-4C89-43B2-B12D-2372BE0F8A04}.AppStore|Any CPU.ActiveCfg = Debug|Any CPU
		{892B2888-4C89-43B2-B12D-2372BE0F8A04}.AppStore|Any CPU.Build.0 = Debug|Any CPU
		{892B2888-4C89-43B2-B12D-2372BE0F8A04}.AppStore|iPhone.ActiveCfg = Release|Any CPU
		{892B2888-4C89-43B2-B12D-2372BE0F8A04}.AppStore|iPhone.Build.0 = Release|Any CPU
		{892B2888-4C89-43B2-B12D-2372BE0F8A04}.AppStore|iPhoneSimulator.ActiveCfg = Debug|Any CPU
		{892B2888-4C89-43B2-B12D-2372BE0F8A04}.AppStore|iPhoneSimulator.Build.0 = Debug|Any CPU
		{892B2888-4C89-43B2-B12D-2372BE0F8A04}.AppStore|Mixed Platforms.ActiveCfg = Debug|Any CPU
		{892B2888-4C89-43B2-B12D-2372BE0F8A04}.AppStore|Mixed Platforms.Build.0 = Debug|Any CPU
		{892B2888-4C89-43B2-B12D-2372BE0F8A04}.Debug|Any CPU.ActiveCfg = Debug|Any CPU
		{892B2888-4C89-43B2-B12D-2372BE0F8A04}.Debug|Any CPU.Build.0 = Debug|Any CPU
		{892B2888-4C89-43B2-B12D-2372BE0F8A04}.Debug|iPhone.ActiveCfg = Debug|Any CPU
		{892B2888-4C89-43B2-B12D-2372BE0F8A04}.Debug|iPhone.Build.0 = Debug|Any CPU
		{892B2888-4C89-43B2-B12D-2372BE0F8A04}.Debug|iPhoneSimulator.ActiveCfg = Debug|Any CPU
		{892B2888-4C89-43B2-B12D-2372BE0F8A04}.Debug|iPhoneSimulator.Build.0 = Debug|Any CPU
		{892B2888-4C89-43B2-B12D-2372BE0F8A04}.Debug|Mixed Platforms.ActiveCfg = Debug|Any CPU
		{892B2888-4C89-43B2-B12D-2372BE0F8A04}.Debug|Mixed Platforms.Build.0 = Debug|Any CPU
		{892B2888-4C89-43B2-B12D-2372BE0F8A04}.Release|Any CPU.ActiveCfg = Release|Any CPU
		{892B2888-4C89-43B2-B12D-2372BE0F8A04}.Release|Any CPU.Build.0 = Release|Any CPU
		{892B2888-4C89-43B2-B12D-2372BE0F8A04}.Release|iPhone.ActiveCfg = Release|Any CPU
		{892B2888-4C89-43B2-B12D-2372BE0F8A04}.Release|iPhone.Build.0 = Release|Any CPU
		{892B2888-4C89-43B2-B12D-2372BE0F8A04}.Release|iPhoneSimulator.ActiveCfg = Release|Any CPU
		{892B2888-4C89-43B2-B12D-2372BE0F8A04}.Release|iPhoneSimulator.Build.0 = Release|Any CPU
		{892B2888-4C89-43B2-B12D-2372BE0F8A04}.Release|Mixed Platforms.ActiveCfg = Release|Any CPU
		{892B2888-4C89-43B2-B12D-2372BE0F8A04}.Release|Mixed Platforms.Build.0 = Release|Any CPU
		{630262F0-FA3F-4DFB-BD64-EFDB89474F49}.Ad-Hoc|Any CPU.ActiveCfg = Release|Any CPU
		{630262F0-FA3F-4DFB-BD64-EFDB89474F49}.Ad-Hoc|Any CPU.Build.0 = Release|Any CPU
		{630262F0-FA3F-4DFB-BD64-EFDB89474F49}.Ad-Hoc|iPhone.ActiveCfg = Release|Any CPU
		{630262F0-FA3F-4DFB-BD64-EFDB89474F49}.Ad-Hoc|iPhone.Build.0 = Release|Any CPU
		{630262F0-FA3F-4DFB-BD64-EFDB89474F49}.Ad-Hoc|iPhoneSimulator.ActiveCfg = Release|Any CPU
		{630262F0-FA3F-4DFB-BD64-EFDB89474F49}.Ad-Hoc|iPhoneSimulator.Build.0 = Release|Any CPU
		{630262F0-FA3F-4DFB-BD64-EFDB89474F49}.Ad-Hoc|Mixed Platforms.ActiveCfg = Release|Any CPU
		{630262F0-FA3F-4DFB-BD64-EFDB89474F49}.Ad-Hoc|Mixed Platforms.Build.0 = Release|Any CPU
		{630262F0-FA3F-4DFB-BD64-EFDB89474F49}.AppStore|Any CPU.ActiveCfg = Release|Any CPU
		{630262F0-FA3F-4DFB-BD64-EFDB89474F49}.AppStore|Any CPU.Build.0 = Release|Any CPU
		{630262F0-FA3F-4DFB-BD64-EFDB89474F49}.AppStore|iPhone.ActiveCfg = Release|Any CPU
		{630262F0-FA3F-4DFB-BD64-EFDB89474F49}.AppStore|iPhone.Build.0 = Release|Any CPU
		{630262F0-FA3F-4DFB-BD64-EFDB89474F49}.AppStore|iPhoneSimulator.ActiveCfg = Release|Any CPU
		{630262F0-FA3F-4DFB-BD64-EFDB89474F49}.AppStore|iPhoneSimulator.Build.0 = Release|Any CPU
		{630262F0-FA3F-4DFB-BD64-EFDB89474F49}.AppStore|Mixed Platforms.ActiveCfg = Release|Any CPU
		{630262F0-FA3F-4DFB-BD64-EFDB89474F49}.AppStore|Mixed Platforms.Build.0 = Release|Any CPU
		{630262F0-FA3F-4DFB-BD64-EFDB89474F49}.Debug|Any CPU.ActiveCfg = Debug|Any CPU
		{630262F0-FA3F-4DFB-BD64-EFDB89474F49}.Debug|Any CPU.Build.0 = Debug|Any CPU
		{630262F0-FA3F-4DFB-BD64-EFDB89474F49}.Debug|iPhone.ActiveCfg = Debug|Any CPU
		{630262F0-FA3F-4DFB-BD64-EFDB89474F49}.Debug|iPhone.Build.0 = Debug|Any CPU
		{630262F0-FA3F-4DFB-BD64-EFDB89474F49}.Debug|iPhoneSimulator.ActiveCfg = Debug|Any CPU
		{630262F0-FA3F-4DFB-BD64-EFDB89474F49}.Debug|iPhoneSimulator.Build.0 = Debug|Any CPU
		{630262F0-FA3F-4DFB-BD64-EFDB89474F49}.Debug|Mixed Platforms.ActiveCfg = Debug|Any CPU
		{630262F0-FA3F-4DFB-BD64-EFDB89474F49}.Debug|Mixed Platforms.Build.0 = Debug|Any CPU
		{630262F0-FA3F-4DFB-BD64-EFDB89474F49}.Release|Any CPU.ActiveCfg = Release|Any CPU
		{630262F0-FA3F-4DFB-BD64-EFDB89474F49}.Release|Any CPU.Build.0 = Release|Any CPU
		{630262F0-FA3F-4DFB-BD64-EFDB89474F49}.Release|iPhone.ActiveCfg = Release|Any CPU
		{630262F0-FA3F-4DFB-BD64-EFDB89474F49}.Release|iPhone.Build.0 = Release|Any CPU
		{630262F0-FA3F-4DFB-BD64-EFDB89474F49}.Release|iPhoneSimulator.ActiveCfg = Release|Any CPU
		{630262F0-FA3F-4DFB-BD64-EFDB89474F49}.Release|iPhoneSimulator.Build.0 = Release|Any CPU
		{630262F0-FA3F-4DFB-BD64-EFDB89474F49}.Release|Mixed Platforms.ActiveCfg = Release|Any CPU
		{630262F0-FA3F-4DFB-BD64-EFDB89474F49}.Release|Mixed Platforms.Build.0 = Release|Any CPU
		{5B44ED27-DAD7-43FA-8A06-BA2469A1AF9E}.Ad-Hoc|Any CPU.ActiveCfg = Release|Any CPU
		{5B44ED27-DAD7-43FA-8A06-BA2469A1AF9E}.Ad-Hoc|Any CPU.Build.0 = Release|Any CPU
		{5B44ED27-DAD7-43FA-8A06-BA2469A1AF9E}.Ad-Hoc|iPhone.ActiveCfg = Release|Any CPU
		{5B44ED27-DAD7-43FA-8A06-BA2469A1AF9E}.Ad-Hoc|iPhone.Build.0 = Release|Any CPU
		{5B44ED27-DAD7-43FA-8A06-BA2469A1AF9E}.Ad-Hoc|iPhoneSimulator.ActiveCfg = Release|Any CPU
		{5B44ED27-DAD7-43FA-8A06-BA2469A1AF9E}.Ad-Hoc|iPhoneSimulator.Build.0 = Release|Any CPU
		{5B44ED27-DAD7-43FA-8A06-BA2469A1AF9E}.Ad-Hoc|Mixed Platforms.ActiveCfg = Release|Any CPU
		{5B44ED27-DAD7-43FA-8A06-BA2469A1AF9E}.Ad-Hoc|Mixed Platforms.Build.0 = Release|Any CPU
		{5B44ED27-DAD7-43FA-8A06-BA2469A1AF9E}.AppStore|Any CPU.ActiveCfg = Release|Any CPU
		{5B44ED27-DAD7-43FA-8A06-BA2469A1AF9E}.AppStore|Any CPU.Build.0 = Release|Any CPU
		{5B44ED27-DAD7-43FA-8A06-BA2469A1AF9E}.AppStore|iPhone.ActiveCfg = Release|Any CPU
		{5B44ED27-DAD7-43FA-8A06-BA2469A1AF9E}.AppStore|iPhone.Build.0 = Release|Any CPU
		{5B44ED27-DAD7-43FA-8A06-BA2469A1AF9E}.AppStore|iPhoneSimulator.ActiveCfg = Release|Any CPU
		{5B44ED27-DAD7-43FA-8A06-BA2469A1AF9E}.AppStore|iPhoneSimulator.Build.0 = Release|Any CPU
		{5B44ED27-DAD7-43FA-8A06-BA2469A1AF9E}.AppStore|Mixed Platforms.ActiveCfg = Release|Any CPU
		{5B44ED27-DAD7-43FA-8A06-BA2469A1AF9E}.AppStore|Mixed Platforms.Build.0 = Release|Any CPU
		{5B44ED27-DAD7-43FA-8A06-BA2469A1AF9E}.Debug|Any CPU.ActiveCfg = Debug|Any CPU
		{5B44ED27-DAD7-43FA-8A06-BA2469A1AF9E}.Debug|Any CPU.Build.0 = Debug|Any CPU
		{5B44ED27-DAD7-43FA-8A06-BA2469A1AF9E}.Debug|iPhone.ActiveCfg = Debug|Any CPU
		{5B44ED27-DAD7-43FA-8A06-BA2469A1AF9E}.Debug|iPhone.Build.0 = Debug|Any CPU
		{5B44ED27-DAD7-43FA-8A06-BA2469A1AF9E}.Debug|iPhoneSimulator.ActiveCfg = Debug|Any CPU
		{5B44ED27-DAD7-43FA-8A06-BA2469A1AF9E}.Debug|iPhoneSimulator.Build.0 = Debug|Any CPU
		{5B44ED27-DAD7-43FA-8A06-BA2469A1AF9E}.Debug|Mixed Platforms.ActiveCfg = Debug|Any CPU
		{5B44ED27-DAD7-43FA-8A06-BA2469A1AF9E}.Debug|Mixed Platforms.Build.0 = Debug|Any CPU
		{5B44ED27-DAD7-43FA-8A06-BA2469A1AF9E}.Release|Any CPU.ActiveCfg = Release|Any CPU
		{5B44ED27-DAD7-43FA-8A06-BA2469A1AF9E}.Release|Any CPU.Build.0 = Release|Any CPU
		{5B44ED27-DAD7-43FA-8A06-BA2469A1AF9E}.Release|iPhone.ActiveCfg = Release|Any CPU
		{5B44ED27-DAD7-43FA-8A06-BA2469A1AF9E}.Release|iPhone.Build.0 = Release|Any CPU
		{5B44ED27-DAD7-43FA-8A06-BA2469A1AF9E}.Release|iPhoneSimulator.ActiveCfg = Release|Any CPU
		{5B44ED27-DAD7-43FA-8A06-BA2469A1AF9E}.Release|iPhoneSimulator.Build.0 = Release|Any CPU
		{5B44ED27-DAD7-43FA-8A06-BA2469A1AF9E}.Release|Mixed Platforms.ActiveCfg = Release|Any CPU
		{5B44ED27-DAD7-43FA-8A06-BA2469A1AF9E}.Release|Mixed Platforms.Build.0 = Release|Any CPU
		{040CA4CF-74E9-419B-A534-EE761D24C8FA}.Ad-Hoc|Any CPU.ActiveCfg = Release|Any CPU
		{040CA4CF-74E9-419B-A534-EE761D24C8FA}.Ad-Hoc|Any CPU.Build.0 = Release|Any CPU
		{040CA4CF-74E9-419B-A534-EE761D24C8FA}.Ad-Hoc|iPhone.ActiveCfg = Release|Any CPU
		{040CA4CF-74E9-419B-A534-EE761D24C8FA}.Ad-Hoc|iPhone.Build.0 = Release|Any CPU
		{040CA4CF-74E9-419B-A534-EE761D24C8FA}.Ad-Hoc|iPhoneSimulator.ActiveCfg = Release|Any CPU
		{040CA4CF-74E9-419B-A534-EE761D24C8FA}.Ad-Hoc|iPhoneSimulator.Build.0 = Release|Any CPU
		{040CA4CF-74E9-419B-A534-EE761D24C8FA}.Ad-Hoc|Mixed Platforms.ActiveCfg = Release|Any CPU
		{040CA4CF-74E9-419B-A534-EE761D24C8FA}.Ad-Hoc|Mixed Platforms.Build.0 = Release|Any CPU
		{040CA4CF-74E9-419B-A534-EE761D24C8FA}.AppStore|Any CPU.ActiveCfg = Release|Any CPU
		{040CA4CF-74E9-419B-A534-EE761D24C8FA}.AppStore|Any CPU.Build.0 = Release|Any CPU
		{040CA4CF-74E9-419B-A534-EE761D24C8FA}.AppStore|iPhone.ActiveCfg = Release|Any CPU
		{040CA4CF-74E9-419B-A534-EE761D24C8FA}.AppStore|iPhone.Build.0 = Release|Any CPU
		{040CA4CF-74E9-419B-A534-EE761D24C8FA}.AppStore|iPhoneSimulator.ActiveCfg = Release|Any CPU
		{040CA4CF-74E9-419B-A534-EE761D24C8FA}.AppStore|iPhoneSimulator.Build.0 = Release|Any CPU
		{040CA4CF-74E9-419B-A534-EE761D24C8FA}.AppStore|Mixed Platforms.ActiveCfg = Release|Any CPU
		{040CA4CF-74E9-419B-A534-EE761D24C8FA}.AppStore|Mixed Platforms.Build.0 = Release|Any CPU
		{040CA4CF-74E9-419B-A534-EE761D24C8FA}.Debug|Any CPU.ActiveCfg = Debug|Any CPU
		{040CA4CF-74E9-419B-A534-EE761D24C8FA}.Debug|Any CPU.Build.0 = Debug|Any CPU
		{040CA4CF-74E9-419B-A534-EE761D24C8FA}.Debug|iPhone.ActiveCfg = Debug|Any CPU
		{040CA4CF-74E9-419B-A534-EE761D24C8FA}.Debug|iPhone.Build.0 = Debug|Any CPU
		{040CA4CF-74E9-419B-A534-EE761D24C8FA}.Debug|iPhoneSimulator.ActiveCfg = Debug|Any CPU
		{040CA4CF-74E9-419B-A534-EE761D24C8FA}.Debug|iPhoneSimulator.Build.0 = Debug|Any CPU
		{040CA4CF-74E9-419B-A534-EE761D24C8FA}.Debug|Mixed Platforms.ActiveCfg = Debug|Any CPU
		{040CA4CF-74E9-419B-A534-EE761D24C8FA}.Debug|Mixed Platforms.Build.0 = Debug|Any CPU
		{040CA4CF-74E9-419B-A534-EE761D24C8FA}.Release|Any CPU.ActiveCfg = Release|Any CPU
		{040CA4CF-74E9-419B-A534-EE761D24C8FA}.Release|Any CPU.Build.0 = Release|Any CPU
		{040CA4CF-74E9-419B-A534-EE761D24C8FA}.Release|iPhone.ActiveCfg = Release|Any CPU
		{040CA4CF-74E9-419B-A534-EE761D24C8FA}.Release|iPhone.Build.0 = Release|Any CPU
		{040CA4CF-74E9-419B-A534-EE761D24C8FA}.Release|iPhoneSimulator.ActiveCfg = Release|Any CPU
		{040CA4CF-74E9-419B-A534-EE761D24C8FA}.Release|iPhoneSimulator.Build.0 = Release|Any CPU
		{040CA4CF-74E9-419B-A534-EE761D24C8FA}.Release|Mixed Platforms.ActiveCfg = Release|Any CPU
		{040CA4CF-74E9-419B-A534-EE761D24C8FA}.Release|Mixed Platforms.Build.0 = Release|Any CPU
		{DAB83EFA-1D12-4F40-A6E9-1F1B5470FAA1}.Ad-Hoc|Any CPU.ActiveCfg = Release|Any CPU
		{DAB83EFA-1D12-4F40-A6E9-1F1B5470FAA1}.Ad-Hoc|Any CPU.Build.0 = Release|Any CPU
		{DAB83EFA-1D12-4F40-A6E9-1F1B5470FAA1}.Ad-Hoc|iPhone.ActiveCfg = Release|Any CPU
		{DAB83EFA-1D12-4F40-A6E9-1F1B5470FAA1}.Ad-Hoc|iPhone.Build.0 = Release|Any CPU
		{DAB83EFA-1D12-4F40-A6E9-1F1B5470FAA1}.Ad-Hoc|iPhoneSimulator.ActiveCfg = Release|Any CPU
		{DAB83EFA-1D12-4F40-A6E9-1F1B5470FAA1}.Ad-Hoc|iPhoneSimulator.Build.0 = Release|Any CPU
		{DAB83EFA-1D12-4F40-A6E9-1F1B5470FAA1}.Ad-Hoc|Mixed Platforms.ActiveCfg = Release|Any CPU
		{DAB83EFA-1D12-4F40-A6E9-1F1B5470FAA1}.Ad-Hoc|Mixed Platforms.Build.0 = Release|Any CPU
		{DAB83EFA-1D12-4F40-A6E9-1F1B5470FAA1}.AppStore|Any CPU.ActiveCfg = Release|Any CPU
		{DAB83EFA-1D12-4F40-A6E9-1F1B5470FAA1}.AppStore|Any CPU.Build.0 = Release|Any CPU
		{DAB83EFA-1D12-4F40-A6E9-1F1B5470FAA1}.AppStore|iPhone.ActiveCfg = Release|Any CPU
		{DAB83EFA-1D12-4F40-A6E9-1F1B5470FAA1}.AppStore|iPhone.Build.0 = Release|Any CPU
		{DAB83EFA-1D12-4F40-A6E9-1F1B5470FAA1}.AppStore|iPhoneSimulator.ActiveCfg = Release|Any CPU
		{DAB83EFA-1D12-4F40-A6E9-1F1B5470FAA1}.AppStore|iPhoneSimulator.Build.0 = Release|Any CPU
		{DAB83EFA-1D12-4F40-A6E9-1F1B5470FAA1}.AppStore|Mixed Platforms.ActiveCfg = Release|Any CPU
		{DAB83EFA-1D12-4F40-A6E9-1F1B5470FAA1}.AppStore|Mixed Platforms.Build.0 = Release|Any CPU
		{DAB83EFA-1D12-4F40-A6E9-1F1B5470FAA1}.Debug|Any CPU.ActiveCfg = Debug|Any CPU
		{DAB83EFA-1D12-4F40-A6E9-1F1B5470FAA1}.Debug|Any CPU.Build.0 = Debug|Any CPU
		{DAB83EFA-1D12-4F40-A6E9-1F1B5470FAA1}.Debug|Any CPU.Deploy.0 = Debug|Any CPU
		{DAB83EFA-1D12-4F40-A6E9-1F1B5470FAA1}.Debug|iPhone.ActiveCfg = Debug|Any CPU
		{DAB83EFA-1D12-4F40-A6E9-1F1B5470FAA1}.Debug|iPhone.Build.0 = Debug|Any CPU
		{DAB83EFA-1D12-4F40-A6E9-1F1B5470FAA1}.Debug|iPhoneSimulator.ActiveCfg = Debug|Any CPU
		{DAB83EFA-1D12-4F40-A6E9-1F1B5470FAA1}.Debug|iPhoneSimulator.Build.0 = Debug|Any CPU
		{DAB83EFA-1D12-4F40-A6E9-1F1B5470FAA1}.Debug|Mixed Platforms.ActiveCfg = Debug|Any CPU
		{DAB83EFA-1D12-4F40-A6E9-1F1B5470FAA1}.Debug|Mixed Platforms.Build.0 = Debug|Any CPU
		{DAB83EFA-1D12-4F40-A6E9-1F1B5470FAA1}.Release|Any CPU.ActiveCfg = Release|Any CPU
		{DAB83EFA-1D12-4F40-A6E9-1F1B5470FAA1}.Release|Any CPU.Build.0 = Release|Any CPU
		{DAB83EFA-1D12-4F40-A6E9-1F1B5470FAA1}.Release|iPhone.ActiveCfg = Release|Any CPU
		{DAB83EFA-1D12-4F40-A6E9-1F1B5470FAA1}.Release|iPhone.Build.0 = Release|Any CPU
		{DAB83EFA-1D12-4F40-A6E9-1F1B5470FAA1}.Release|iPhoneSimulator.ActiveCfg = Release|Any CPU
		{DAB83EFA-1D12-4F40-A6E9-1F1B5470FAA1}.Release|iPhoneSimulator.Build.0 = Release|Any CPU
		{DAB83EFA-1D12-4F40-A6E9-1F1B5470FAA1}.Release|Mixed Platforms.ActiveCfg = Release|Any CPU
		{DAB83EFA-1D12-4F40-A6E9-1F1B5470FAA1}.Release|Mixed Platforms.Build.0 = Release|Any CPU
		{BB963D3E-D9C9-43B4-A4FB-A57B6C847AA5}.Ad-Hoc|Any CPU.ActiveCfg = Release|Any CPU
		{BB963D3E-D9C9-43B4-A4FB-A57B6C847AA5}.Ad-Hoc|Any CPU.Build.0 = Release|Any CPU
		{BB963D3E-D9C9-43B4-A4FB-A57B6C847AA5}.Ad-Hoc|iPhone.ActiveCfg = Release|Any CPU
		{BB963D3E-D9C9-43B4-A4FB-A57B6C847AA5}.Ad-Hoc|iPhone.Build.0 = Release|Any CPU
		{BB963D3E-D9C9-43B4-A4FB-A57B6C847AA5}.Ad-Hoc|iPhoneSimulator.ActiveCfg = Release|Any CPU
		{BB963D3E-D9C9-43B4-A4FB-A57B6C847AA5}.Ad-Hoc|iPhoneSimulator.Build.0 = Release|Any CPU
		{BB963D3E-D9C9-43B4-A4FB-A57B6C847AA5}.Ad-Hoc|Mixed Platforms.ActiveCfg = Release|Any CPU
		{BB963D3E-D9C9-43B4-A4FB-A57B6C847AA5}.Ad-Hoc|Mixed Platforms.Build.0 = Release|Any CPU
		{BB963D3E-D9C9-43B4-A4FB-A57B6C847AA5}.AppStore|Any CPU.ActiveCfg = Release|Any CPU
		{BB963D3E-D9C9-43B4-A4FB-A57B6C847AA5}.AppStore|Any CPU.Build.0 = Release|Any CPU
		{BB963D3E-D9C9-43B4-A4FB-A57B6C847AA5}.AppStore|iPhone.ActiveCfg = Release|Any CPU
		{BB963D3E-D9C9-43B4-A4FB-A57B6C847AA5}.AppStore|iPhone.Build.0 = Release|Any CPU
		{BB963D3E-D9C9-43B4-A4FB-A57B6C847AA5}.AppStore|iPhoneSimulator.ActiveCfg = Release|Any CPU
		{BB963D3E-D9C9-43B4-A4FB-A57B6C847AA5}.AppStore|iPhoneSimulator.Build.0 = Release|Any CPU
		{BB963D3E-D9C9-43B4-A4FB-A57B6C847AA5}.AppStore|Mixed Platforms.ActiveCfg = Release|Any CPU
		{BB963D3E-D9C9-43B4-A4FB-A57B6C847AA5}.AppStore|Mixed Platforms.Build.0 = Release|Any CPU
		{BB963D3E-D9C9-43B4-A4FB-A57B6C847AA5}.Debug|Any CPU.ActiveCfg = Debug|Any CPU
		{BB963D3E-D9C9-43B4-A4FB-A57B6C847AA5}.Debug|Any CPU.Build.0 = Debug|Any CPU
		{BB963D3E-D9C9-43B4-A4FB-A57B6C847AA5}.Debug|Any CPU.Deploy.0 = Debug|Any CPU
		{BB963D3E-D9C9-43B4-A4FB-A57B6C847AA5}.Debug|iPhone.ActiveCfg = Debug|Any CPU
		{BB963D3E-D9C9-43B4-A4FB-A57B6C847AA5}.Debug|iPhone.Build.0 = Debug|Any CPU
		{BB963D3E-D9C9-43B4-A4FB-A57B6C847AA5}.Debug|iPhone.Deploy.0 = Debug|Any CPU
		{BB963D3E-D9C9-43B4-A4FB-A57B6C847AA5}.Debug|iPhoneSimulator.ActiveCfg = Debug|Any CPU
		{BB963D3E-D9C9-43B4-A4FB-A57B6C847AA5}.Debug|iPhoneSimulator.Build.0 = Debug|Any CPU
		{BB963D3E-D9C9-43B4-A4FB-A57B6C847AA5}.Debug|iPhoneSimulator.Deploy.0 = Debug|Any CPU
		{BB963D3E-D9C9-43B4-A4FB-A57B6C847AA5}.Debug|Mixed Platforms.ActiveCfg = Debug|Any CPU
		{BB963D3E-D9C9-43B4-A4FB-A57B6C847AA5}.Debug|Mixed Platforms.Build.0 = Debug|Any CPU
		{BB963D3E-D9C9-43B4-A4FB-A57B6C847AA5}.Debug|Mixed Platforms.Deploy.0 = Debug|Any CPU
		{BB963D3E-D9C9-43B4-A4FB-A57B6C847AA5}.Release|Any CPU.ActiveCfg = Release|Any CPU
		{BB963D3E-D9C9-43B4-A4FB-A57B6C847AA5}.Release|Any CPU.Build.0 = Release|Any CPU
		{BB963D3E-D9C9-43B4-A4FB-A57B6C847AA5}.Release|iPhone.ActiveCfg = Release|Any CPU
		{BB963D3E-D9C9-43B4-A4FB-A57B6C847AA5}.Release|iPhone.Build.0 = Release|Any CPU
		{BB963D3E-D9C9-43B4-A4FB-A57B6C847AA5}.Release|iPhoneSimulator.ActiveCfg = Release|Any CPU
		{BB963D3E-D9C9-43B4-A4FB-A57B6C847AA5}.Release|iPhoneSimulator.Build.0 = Release|Any CPU
		{BB963D3E-D9C9-43B4-A4FB-A57B6C847AA5}.Release|Mixed Platforms.ActiveCfg = Release|Any CPU
		{BB963D3E-D9C9-43B4-A4FB-A57B6C847AA5}.Release|Mixed Platforms.Build.0 = Release|Any CPU
	EndGlobalSection
	GlobalSection(SolutionProperties) = preSolution
		HideSolutionNode = FALSE
	EndGlobalSection
	GlobalSection(NestedProjects) = preSolution
		{BEC8904A-0E39-4117-9E4D-AAE6A6A50B4A} = {50EA9352-CCF6-4A17-8395-416E061EAEDF}
		{E8B052D6-9C21-4B3F-9520-29D7B38513C5} = {50EA9352-CCF6-4A17-8395-416E061EAEDF}
		{3FFBFFF8-5560-4EDE-82E5-3FFDFBBA8A50} = {50EA9352-CCF6-4A17-8395-416E061EAEDF}
		{FFDAC76C-FB0C-4B30-B802-59112659A2D9} = {50EA9352-CCF6-4A17-8395-416E061EAEDF}
		{B16EE623-442E-4D56-B6CC-3DC49FA49401} = {50EA9352-CCF6-4A17-8395-416E061EAEDF}
		{D13232BD-43C6-4698-8698-A1C564FC0902} = {50EA9352-CCF6-4A17-8395-416E061EAEDF}
		{EF10558D-806B-49EF-934B-B7688403A484} = {C2182D1F-D0A7-46F2-A56E-59F29F70AE28}
		{9B1A78B7-5C53-40CF-AD4C-923590B00FBE} = {C2182D1F-D0A7-46F2-A56E-59F29F70AE28}
		{919FC2D7-B737-4790-8DBB-42EB415BE33B} = {C2182D1F-D0A7-46F2-A56E-59F29F70AE28}
		{5914FC5F-C364-4E11-9248-27BA7C8C17D0} = {C2182D1F-D0A7-46F2-A56E-59F29F70AE28}
		{9FDA9BD4-3D55-4132-9055-98986C50E0A4} = {C2182D1F-D0A7-46F2-A56E-59F29F70AE28}
		{2C2264A6-2534-485E-8772-623D1ABEEFFF} = {C2182D1F-D0A7-46F2-A56E-59F29F70AE28}
		{3978F9A7-1AD2-4550-A0FE-86793CA912CD} = {C2182D1F-D0A7-46F2-A56E-59F29F70AE28}
		{DC4DD769-0B5D-4EFE-8CD0-5D26C05E7002} = {C2182D1F-D0A7-46F2-A56E-59F29F70AE28}
		{87BF6B8A-9680-4589-8430-23FEAD83694F} = {C2182D1F-D0A7-46F2-A56E-59F29F70AE28}
		{892B2888-4C89-43B2-B12D-2372BE0F8A04} = {8A34B7D2-AE67-4FBA-9C39-EA7361F0CD8E}
		{64C9F055-D338-4576-AC40-7A1F7623E99B} = {C2182D1F-D0A7-46F2-A56E-59F29F70AE28}
		{D5D37FDD-DA2E-455C-B210-D1DC217AF590} = {C2182D1F-D0A7-46F2-A56E-59F29F70AE28}
		{5B44ED27-DAD7-43FA-8A06-BA2469A1AF9E} = {C2182D1F-D0A7-46F2-A56E-59F29F70AE28}
		{040CA4CF-74E9-419B-A534-EE761D24C8FA} = {50EA9352-CCF6-4A17-8395-416E061EAEDF}
		{DAB83EFA-1D12-4F40-A6E9-1F1B5470FAA1} = {50EA9352-CCF6-4A17-8395-416E061EAEDF}
		{91159A61-20CA-4D95-B704-571997F421BF} = {50EA9352-CCF6-4A17-8395-416E061EAEDF}
		{89F42C9B-5C25-46FC-917E-3BFF5287A6D7} = {C2182D1F-D0A7-46F2-A56E-59F29F70AE28}
		{4FE48E0F-3789-4D5E-9726-FF07C44E78A3} = {C2182D1F-D0A7-46F2-A56E-59F29F70AE28}
	EndGlobalSection
EndGlobal
